version = 1
revision = 3
requires-python = ">=3.12"

[[package]]
name = "executing"
version = "2.2.1"
source = { registry = "https://pypi.org/simple" }
sdist = { url = "https://files.pythonhosted.org/packages/cc/28/c14e053b6762b1044f34a13aab6859bbf40456d37d23aa286ac24cfd9a5d/executing-2.2.1.tar.gz", hash = "sha256:3632cc370565f6648cc328b32435bd120a1e4ebb20c77e3fdde9a13cd1e533c4", size = 1129488, upload-time = "2025-09-01T09:48:10.866Z" }
wheels = [
    { url = "https://files.pythonhosted.org/packages/c1/ea/53f2148663b321f21b5a606bd5f191517cf40b7072c0497d3c92c4a13b1e/executing-2.2.1-py2.py3-none-any.whl", hash = "sha256:760643d3452b4d777d295bb167ccc74c64a81df23fb5e08eff250c425a4b2017", size = 28317, upload-time = "2025-09-01T09:48:08.5Z" },
]

[[package]]
name = "thyme"
version = "0.1.0"
source = { virtual = "." }
dependencies = [
    { name = "varname" },
]

[package.metadata]
requires-dist = [{ name = "varname", specifier = ">=0.15.0" }]

[[package]]
name = "varname"
version = "0.15.0"
source = { registry = "https://pypi.org/simple" }
dependencies = [
    { name = "executing" },
]
sdist = { url = "https://files.pythonhosted.org/packages/90/03/505f1fd7fe62a478ccc6bf73b5be1ac58da8d870441cc1d51394e018ffeb/varname-0.15.0.tar.gz", hash = "sha256:86e66d59adf97ed301169ab0cb9b33a2f08f3184cd9c3b14901a09d1972dbfee", size = 27307, upload-time = "2025-06-20T18:01:45.233Z" }
wheels = [
    { url = "https://files.pythonhosted.org/packages/29/f9/cc7f78679fdee256e3aaa9e0c431f930142dc0824f999bb7edf4b22387fb/varname-0.15.0-py3-none-any.whl", hash = "sha256:9ce9d5a4435930b426ebbbc992ef31b10d4350392a28a91fa3c1c1eb02a081a1", size = 25215, upload-time = "2025-06-20T18:01:44.039Z" },
]
